
Microsoft Visual Studio Solution File, Format Version 12.00
# Visual Studio Version 17
VisualStudioVersion = 17.12.35527.113 d17.12
MinimumVisualStudioVersion = 10.0.40219.1
Project("{FAE04EC0-301F-11D3-BF4B-00C04F79EFBC}") = "Practica5Docker", "Practica5Docker\Practica5Docker.csproj", "{3676AA2E-1FED-44FD-939C-488F332C4047}"
EndProject
Project("{FAE04EC0-301F-11D3-BF4B-00C04F79EFBC}") = "webapi", "webapi\webapi.csproj", "{E3164512-EA27-4614-8C02-F5108BCF93A4}"
EndProject
Project("{FAE04EC0-301F-11D3-BF4B-00C04F79EFBC}") = "appblazor", "appblazor\appblazor.csproj", "{4928FBD5-E7B0-45D8-BE45-CC311821D6E9}"
EndProject
Global
	GlobalSection(SolutionConfigurationPlatforms) = preSolution
		Debug|Any CPU = Debug|Any CPU
		Release|Any CPU = Release|Any CPU
	EndGlobalSection
	GlobalSection(ProjectConfigurationPlatforms) = postSolution
		{3676AA2E-1FED-44FD-939C-488F332C4047}.Debug|Any CPU.ActiveCfg = Debug|Any CPU
		{3676AA2E-1FED-44FD-939C-488F332C4047}.Debug|Any CPU.Build.0 = Debug|Any CPU
		{3676AA2E-1FED-44FD-939C-488F332C4047}.Release|Any CPU.ActiveCfg = Release|Any CPU
		{3676AA2E-1FED-44FD-939C-488F332C4047}.Release|Any CPU.Build.0 = Release|Any CPU
		{E3164512-EA27-4614-8C02-F5108BCF93A4}.Debug|Any CPU.ActiveCfg = Debug|Any CPU
		{E3164512-EA27-4614-8C02-F5108BCF93A4}.Debug|Any CPU.Build.0 = Debug|Any CPU
		{E3164512-EA27-4614-8C02-F5108BCF93A4}.Release|Any CPU.ActiveCfg = Release|Any CPU
		{E3164512-EA27-4614-8C02-F5108BCF93A4}.Release|Any CPU.Build.0 = Release|Any CPU
		{4928FBD5-E7B0-45D8-BE45-CC311821D6E9}.Debug|Any CPU.ActiveCfg = Debug|Any CPU
		{4928FBD5-E7B0-45D8-BE45-CC311821D6E9}.Debug|Any CPU.Build.0 = Debug|Any CPU
		{4928FBD5-E7B0-45D8-BE45-CC311821D6E9}.Release|Any CPU.ActiveCfg = Release|Any CPU
		{4928FBD5-E7B0-45D8-BE45-CC311821D6E9}.Release|Any CPU.Build.0 = Release|Any CPU
	EndGlobalSection
	GlobalSection(SolutionProperties) = preSolution
		HideSolutionNode = FALSE
	EndGlobalSection
EndGlobal
